
Microsoft Visual Studio Solution File, Format Version 12.00
# Visual Studio Version 16
VisualStudioVersion = 16.0.31410.357
MinimumVisualStudioVersion = 10.0.40219.1
Project("{FAE04EC0-301F-11D3-BF4B-00C04F79EFBC}") = "Single Linked List", "Single Linked List.csproj", "{CD8520B7-0453-4DF6-A52E-ECC575A4D219}"
EndProject
Global
	GlobalSection(SolutionConfigurationPlatforms) = preSolution
		Debug|Any CPU = Debug|Any CPU
		Release|Any CPU = Release|Any CPU
	EndGlobalSection
	GlobalSection(ProjectConfigurationPlatforms) = postSolution
		{CD8520B7-0453-4DF6-A52E-ECC575A4D219}.Debug|Any CPU.ActiveCfg = Debug|Any CPU
		{CD8520B7-0453-4DF6-A52E-ECC575A4D219}.Debug|Any CPU.Build.0 = Debug|Any CPU
		{CD8520B7-0453-4DF6-A52E-ECC575A4D219}.Release|Any CPU.ActiveCfg = Release|Any CPU
		{CD8520B7-0453-4DF6-A52E-ECC575A4D219}.Release|Any CPU.Build.0 = Release|Any CPU
	EndGlobalSection
	GlobalSection(SolutionProperties) = preSolution
		HideSolutionNode = FALSE
	EndGlobalSection
	GlobalSection(ExtensibilityGlobals) = postSolution
		SolutionGuid = {58FC4F84-8744-4A75-9F51-39983AE9CEDA}
	EndGlobalSection
EndGlobal
